// !$*UTF8*$!
{
	archiveVersion = 1;
	classes = {
	};
	objectVersion = 48;
	objects = {

/* Begin PBXBuildFile section */
		1C59DEA3209AA262007FE988 /* PubMethods.m in Sources */ = {isa = PBXBuildFile; fileRef = 1C59DEA2209AA262007FE988 /* PubMethods.m */; };
		1C59DEB9209AB043007FE988 /* MBHUDManager.m in Sources */ = {isa = PBXBuildFile; fileRef = 1C59DEB8209AB043007FE988 /* MBHUDManager.m */; };
		1C59DEBE209AECFF007FE988 /* UIAlertView+Fast.m in Sources */ = {isa = PBXBuildFile; fileRef = 1C59DEBB209AECFD007FE988 /* UIAlertView+Fast.m */; };
		1C59DEBF209AECFF007FE988 /* UIActionSheet+Fast.m in Sources */ = {isa = PBXBuildFile; fileRef = 1C59DEBC209AECFE007FE988 /* UIActionSheet+Fast.m */; };
		1C72349C20996B950032DB52 /* AppDelegate.m in Sources */ = {isa = PBXBuildFile; fileRef = 1C72349B20996B950032DB52 /* AppDelegate.m */; };
		1C72349F20996B950032DB52 /* ViewController.m in Sources */ = {isa = PBXBuildFile; fileRef = 1C72349E20996B950032DB52 /* ViewController.m */; };
		1C7234A220996B950032DB52 /* Main.storyboard in Resources */ = {isa = PBXBuildFile; fileRef = 1C7234A020996B950032DB52 /* Main.storyboard */; };
		1C7234A420996B950032DB52 /* Assets.xcassets in Resources */ = {isa = PBXBuildFile; fileRef = 1C7234A320996B950032DB52 /* Assets.xcassets */; };
		1C7234A720996B950032DB52 /* LaunchScreen.storyboard in Resources */ = {isa = PBXBuildFile; fileRef = 1C7234A520996B950032DB52 /* LaunchScreen.storyboard */; };
		1C7234AA20996B960032DB52 /* main.m in Sources */ = {isa = PBXBuildFile; fileRef = 1C7234A920996B960032DB52 /* main.m */; };
		1C7234B420996B960032DB52 /* swift_handly_modelTests.m in Sources */ = {isa = PBXBuildFile; fileRef = 1C7234B320996B960032DB52 /* swift_handly_modelTests.m */; };
		1C7234BF20996B960032DB52 /* swift_handly_modelUITests.m in Sources */ = {isa = PBXBuildFile; fileRef = 1C7234BE20996B960032DB52 /* swift_handly_modelUITests.m */; };
		1C7234CF209985680032DB52 /* AFManager.m in Sources */ = {isa = PBXBuildFile; fileRef = 1C7234CE209985680032DB52 /* AFManager.m */; };
		1C7234D2209989EF0032DB52 /* TestModel.swift in Sources */ = {isa = PBXBuildFile; fileRef = 1C7234D1209989EF0032DB52 /* TestModel.swift */; };
		1C7234D420999C5B0032DB52 /* Data_Read.swift in Sources */ = {isa = PBXBuildFile; fileRef = 1C7234D320999C5B0032DB52 /* Data_Read.swift */; };
		1C7234D62099A8D90032DB52 /* Test_ViewController.swift in Sources */ = {isa = PBXBuildFile; fileRef = 1C7234D52099A8D90032DB52 /* Test_ViewController.swift */; };
		1C7234D92099AFE70032DB52 /* Data_read_OC.m in Sources */ = {isa = PBXBuildFile; fileRef = 1C7234D82099AFE70032DB52 /* Data_read_OC.m */; };
		1C7234DC2099B7100032DB52 /* TestModel_OC.m in Sources */ = {isa = PBXBuildFile; fileRef = 1C7234DB2099B7100032DB52 /* TestModel_OC.m */; };
		79544E75377BF36D41F39745 /* Pods_swift_handly_model.framework in Frameworks */ = {isa = PBXBuildFile; fileRef = 2C24CD33E1FA21DB091DD583 /* Pods_swift_handly_model.framework */; };
/* End PBXBuildFile section */

/* Begin PBXContainerItemProxy section */
		1C7234B020996B960032DB52 /* PBXContainerItemProxy */ = {
			isa = PBXContainerItemProxy;
			containerPortal = 1C72348F20996B950032DB52 /* Project object */;
			proxyType = 1;
			remoteGlobalIDString = 1C72349620996B950032DB52;
			remoteInfo = swift_handly_model;
		};
		1C7234BB20996B960032DB52 /* PBXContainerItemProxy */ = {
			isa = PBXContainerItemProxy;
			containerPortal = 1C72348F20996B950032DB52 /* Project object */;
			proxyType = 1;
			remoteGlobalIDString = 1C72349620996B950032DB52;
			remoteInfo = swift_handly_model;
		};
/* End PBXContainerItemProxy section */

/* Begin PBXFileReference section */
		1C59DEA0209A9F44007FE988 /* PrefixHeader.pch */ = {isa = PBXFileReference; lastKnownFileType = sourcecode.c.h; path = PrefixHeader.pch; sourceTree = "<group>"; };
		1C59DEA1209AA262007FE988 /* PubMethods.h */ = {isa = PBXFileReference; lastKnownFileType = sourcecode.c.h; path = PubMethods.h; sourceTree = "<group>"; };
		1C59DEA2209AA262007FE988 /* PubMethods.m */ = {isa = PBXFileReference; lastKnownFileType = sourcecode.c.objc; path = PubMethods.m; sourceTree = "<group>"; };
		1C59DEB7209AB043007FE988 /* MBHUDManager.h */ = {isa = PBXFileReference; lastKnownFileType = sourcecode.c.h; path = MBHUDManager.h; sourceTree = "<group>"; };
		1C59DEB8209AB043007FE988 /* MBHUDManager.m */ = {isa = PBXFileReference; lastKnownFileType = sourcecode.c.objc; path = MBHUDManager.m; sourceTree = "<group>"; };
		1C59DEBA209AECFD007FE988 /* UIActionSheet+Fast.h */ = {isa = PBXFileReference; fileEncoding = 4; lastKnownFileType = sourcecode.c.h; path = "UIActionSheet+Fast.h"; sourceTree = "<group>"; };
		1C59DEBB209AECFD007FE988 /* UIAlertView+Fast.m */ = {isa = PBXFileReference; fileEncoding = 4; lastKnownFileType = sourcecode.c.objc; path = "UIAlertView+Fast.m"; sourceTree = "<group>"; };
		1C59DEBC209AECFE007FE988 /* UIActionSheet+Fast.m */ = {isa = PBXFileReference; fileEncoding = 4; lastKnownFileType = sourcecode.c.objc; path = "UIActionSheet+Fast.m"; sourceTree = "<group>"; };
		1C59DEBD209AECFE007FE988 /* UIAlertView+Fast.h */ = {isa = PBXFileReference; fileEncoding = 4; lastKnownFileType = sourcecode.c.h; path = "UIAlertView+Fast.h"; sourceTree = "<group>"; };
		1C72349720996B950032DB52 /* swift_handly_model.app */ = {isa = PBXFileReference; explicitFileType = wrapper.application; includeInIndex = 0; path = swift_handly_model.app; sourceTree = BUILT_PRODUCTS_DIR; };
		1C72349A20996B950032DB52 /* AppDelegate.h */ = {isa = PBXFileReference; lastKnownFileType = sourcecode.c.h; path = AppDelegate.h; sourceTree = "<group>"; };
		1C72349B20996B950032DB52 /* AppDelegate.m */ = {isa = PBXFileReference; lastKnownFileType = sourcecode.c.objc; path = AppDelegate.m; sourceTree = "<group>"; };
		1C72349D20996B950032DB52 /* ViewController.h */ = {isa = PBXFileReference; lastKnownFileType = sourcecode.c.h; path = ViewController.h; sourceTree = "<group>"; };
		1C72349E20996B950032DB52 /* ViewController.m */ = {isa = PBXFileReference; lastKnownFileType = sourcecode.c.objc; path = ViewController.m; sourceTree = "<group>"; };
		1C7234A120996B950032DB52 /* Base */ = {isa = PBXFileReference; lastKnownFileType = file.storyboard; name = Base; path = Base.lproj/Main.storyboard; sourceTree = "<group>"; };
		1C7234A320996B950032DB52 /* Assets.xcassets */ = {isa = PBXFileReference; lastKnownFileType = folder.assetcatalog; path = Assets.xcassets; sourceTree = "<group>"; };
		1C7234A620996B950032DB52 /* Base */ = {isa = PBXFileReference; lastKnownFileType = file.storyboard; name = Base; path = Base.lproj/LaunchScreen.storyboard; sourceTree = "<group>"; };
		1C7234A820996B960032DB52 /* Info.plist */ = {isa = PBXFileReference; lastKnownFileType = text.plist.xml; path = Info.plist; sourceTree = "<group>"; };
		1C7234A920996B960032DB52 /* main.m */ = {isa = PBXFileReference; lastKnownFileType = sourcecode.c.objc; path = main.m; sourceTree = "<group>"; };
		1C7234AF20996B960032DB52 /* swift_handly_modelTests.xctest */ = {isa = PBXFileReference; explicitFileType = wrapper.cfbundle; includeInIndex = 0; path = swift_handly_modelTests.xctest; sourceTree = BUILT_PRODUCTS_DIR; };
		1C7234B320996B960032DB52 /* swift_handly_modelTests.m */ = {isa = PBXFileReference; lastKnownFileType = sourcecode.c.objc; path = swift_handly_modelTests.m; sourceTree = "<group>"; };
		1C7234B520996B960032DB52 /* Info.plist */ = {isa = PBXFileReference; lastKnownFileType = text.plist.xml; path = Info.plist; sourceTree = "<group>"; };
		1C7234BA20996B960032DB52 /* swift_handly_modelUITests.xctest */ = {isa = PBXFileReference; explicitFileType = wrapper.cfbundle; includeInIndex = 0; path = swift_handly_modelUITests.xctest; sourceTree = BUILT_PRODUCTS_DIR; };
		1C7234BE20996B960032DB52 /* swift_handly_modelUITests.m */ = {isa = PBXFileReference; lastKnownFileType = sourcecode.c.objc; path = swift_handly_modelUITests.m; sourceTree = "<group>"; };
		1C7234C020996B960032DB52 /* Info.plist */ = {isa = PBXFileReference; lastKnownFileType = text.plist.xml; path = Info.plist; sourceTree = "<group>"; };
		1C7234CD209985680032DB52 /* AFManager.h */ = {isa = PBXFileReference; lastKnownFileType = sourcecode.c.h; path = AFManager.h; sourceTree = "<group>"; };
		1C7234CE209985680032DB52 /* AFManager.m */ = {isa = PBXFileReference; lastKnownFileType = sourcecode.c.objc; path = AFManager.m; sourceTree = "<group>"; };
		1C7234D0209989EE0032DB52 /* swift_handly_model-Bridging-Header.h */ = {isa = PBXFileReference; lastKnownFileType = sourcecode.c.h; path = "swift_handly_model-Bridging-Header.h"; sourceTree = "<group>"; };
		1C7234D1209989EF0032DB52 /* TestModel.swift */ = {isa = PBXFileReference; lastKnownFileType = sourcecode.swift; path = TestModel.swift; sourceTree = "<group>"; };
		1C7234D320999C5B0032DB52 /* Data_Read.swift */ = {isa = PBXFileReference; lastKnownFileType = sourcecode.swift; path = Data_Read.swift; sourceTree = "<group>"; };
		1C7234D52099A8D90032DB52 /* Test_ViewController.swift */ = {isa = PBXFileReference; lastKnownFileType = sourcecode.swift; path = Test_ViewController.swift; sourceTree = "<group>"; };
		1C7234D72099AFE70032DB52 /* Data_read_OC.h */ = {isa = PBXFileReference; lastKnownFileType = sourcecode.c.h; path = Data_read_OC.h; sourceTree = "<group>"; };
		1C7234D82099AFE70032DB52 /* Data_read_OC.m */ = {isa = PBXFileReference; lastKnownFileType = sourcecode.c.objc; path = Data_read_OC.m; sourceTree = "<group>"; };
		1C7234DA2099B7100032DB52 /* TestModel_OC.h */ = {isa = PBXFileReference; lastKnownFileType = sourcecode.c.h; path = TestModel_OC.h; sourceTree = "<group>"; };
		1C7234DB2099B7100032DB52 /* TestModel_OC.m */ = {isa = PBXFileReference; lastKnownFileType = sourcecode.c.objc; path = TestModel_OC.m; sourceTree = "<group>"; };
		2C24CD33E1FA21DB091DD583 /* Pods_swift_handly_model.framework */ = {isa = PBXFileReference; explicitFileType = wrapper.framework; includeInIndex = 0; path = Pods_swift_handly_model.framework; sourceTree = BUILT_PRODUCTS_DIR; };
		7291AECB07D559D744CE1580 /* Pods-swift_handly_model.debug.xcconfig */ = {isa = PBXFileReference; includeInIndex = 1; lastKnownFileType = text.xcconfig; name = "Pods-swift_handly_model.debug.xcconfig"; path = "Pods/Target Support Files/Pods-swift_handly_model/Pods-swift_handly_model.debug.xcconfig"; sourceTree = "<group>"; };
		76600A9B1D658CABE184857A /* Pods-swift_handly_model.release.xcconfig */ = {isa = PBXFileReference; includeInIndex = 1; lastKnownFileType = text.xcconfig; name = "Pods-swift_handly_model.release.xcconfig"; path = "Pods/Target Support Files/Pods-swift_handly_model/Pods-swift_handly_model.release.xcconfig"; sourceTree = "<group>"; };
/* End PBXFileReference section */

/* Begin PBXFrameworksBuildPhase section */
		1C72349420996B950032DB52 /* Frameworks */ = {
			isa = PBXFrameworksBuildPhase;
			buildActionMask = 2147483647;
			files = (
				79544E75377BF36D41F39745 /* Pods_swift_handly_model.framework in Frameworks */,
			);
			runOnlyForDeploymentPostprocessing = 0;
		};
		1C7234AC20996B960032DB52 /* Frameworks */ = {
			isa = PBXFrameworksBuildPhase;
			buildActionMask = 2147483647;
			files = (
			);
			runOnlyForDeploymentPostprocessing = 0;
		};
		1C7234B720996B960032DB52 /* Frameworks */ = {
			isa = PBXFrameworksBuildPhase;
			buildActionMask = 2147483647;
			files = (
			);
			runOnlyForDeploymentPostprocessing = 0;
		};
/* End PBXFrameworksBuildPhase section */

/* Begin PBXGroup section */
		01FA407E053059F50DF4512D /* Frameworks */ = {
			isa = PBXGroup;
			children = (
				2C24CD33E1FA21DB091DD583 /* Pods_swift_handly_model.framework */,
			);
			name = Frameworks;
			sourceTree = "<group>";
		};
		1C59DE9E209A9EE3007FE988 /* Public */ = {
			isa = PBXGroup;
			children = (
				1C7234D0209989EE0032DB52 /* swift_handly_model-Bridging-Header.h */,
				1C59DEA0209A9F44007FE988 /* PrefixHeader.pch */,
				1C59DEB7209AB043007FE988 /* MBHUDManager.h */,
				1C59DEB8209AB043007FE988 /* MBHUDManager.m */,
				1C59DEBA209AECFD007FE988 /* UIActionSheet+Fast.h */,
				1C59DEBC209AECFE007FE988 /* UIActionSheet+Fast.m */,
				1C59DEBD209AECFE007FE988 /* UIAlertView+Fast.h */,
				1C59DEBB209AECFD007FE988 /* UIAlertView+Fast.m */,
				1C59DEA1209AA262007FE988 /* PubMethods.h */,
				1C59DEA2209AA262007FE988 /* PubMethods.m */,
			);
			path = Public;
			sourceTree = "<group>";
		};
		1C59DE9F209A9F1C007FE988 /* AFNet */ = {
			isa = PBXGroup;
			children = (
				1C7234CD209985680032DB52 /* AFManager.h */,
				1C7234CE209985680032DB52 /* AFManager.m */,
			);
			path = AFNet;
			sourceTree = "<group>";
		};
		1C59DEA4209AA4B0007FE988 /* core */ = {
			isa = PBXGroup;
			children = (
				1C7234D320999C5B0032DB52 /* Data_Read.swift */,
				1C7234D72099AFE70032DB52 /* Data_read_OC.h */,
				1C7234D82099AFE70032DB52 /* Data_read_OC.m */,
			);
			path = core;
			sourceTree = "<group>";
		};
		1C72348E20996B950032DB52 = {
			isa = PBXGroup;
			children = (
				1C72349920996B950032DB52 /* swift_handly_model */,
				1C7234B220996B960032DB52 /* swift_handly_modelTests */,
				1C7234BD20996B960032DB52 /* swift_handly_modelUITests */,
				1C72349820996B950032DB52 /* Products */,
				C54B91F3C411C37F319F1ECD /* Pods */,
				01FA407E053059F50DF4512D /* Frameworks */,
			);
			sourceTree = "<group>";
		};
		1C72349820996B950032DB52 /* Products */ = {
			isa = PBXGroup;
			children = (
				1C72349720996B950032DB52 /* swift_handly_model.app */,
				1C7234AF20996B960032DB52 /* swift_handly_modelTests.xctest */,
				1C7234BA20996B960032DB52 /* swift_handly_modelUITests.xctest */,
			);
			name = Products;
			sourceTree = "<group>";
		};
		1C72349920996B950032DB52 /* swift_handly_model */ = {
			isa = PBXGroup;
			children = (
				1C72349A20996B950032DB52 /* AppDelegate.h */,
				1C72349B20996B950032DB52 /* AppDelegate.m */,
				1C72349D20996B950032DB52 /* ViewController.h */,
				1C72349E20996B950032DB52 /* ViewController.m */,
				1C7234D52099A8D90032DB52 /* Test_ViewController.swift */,
				1C59DEA4209AA4B0007FE988 /* core */,
				1C59DE9F209A9F1C007FE988 /* AFNet */,
				1C59DE9E209A9EE3007FE988 /* Public */,
				1C7234CC20996CC40032DB52 /* model */,
				1C7234A020996B950032DB52 /* Main.storyboard */,
				1C7234A320996B950032DB52 /* Assets.xcassets */,
				1C7234A520996B950032DB52 /* LaunchScreen.storyboard */,
				1C7234A820996B960032DB52 /* Info.plist */,
				1C7234A920996B960032DB52 /* main.m */,
			);
			path = swift_handly_model;
			sourceTree = "<group>";
		};
		1C7234B220996B960032DB52 /* swift_handly_modelTests */ = {
			isa = PBXGroup;
			children = (
				1C7234B320996B960032DB52 /* swift_handly_modelTests.m */,
				1C7234B520996B960032DB52 /* Info.plist */,
			);
			path = swift_handly_modelTests;
			sourceTree = "<group>";
		};
		1C7234BD20996B960032DB52 /* swift_handly_modelUITests */ = {
			isa = PBXGroup;
			children = (
				1C7234BE20996B960032DB52 /* swift_handly_modelUITests.m */,
				1C7234C020996B960032DB52 /* Info.plist */,
			);
			path = swift_handly_modelUITests;
			sourceTree = "<group>";
		};
		1C7234CC20996CC40032DB52 /* model */ = {
			isa = PBXGroup;
			children = (
				1C7234D1209989EF0032DB52 /* TestModel.swift */,
				1C7234DA2099B7100032DB52 /* TestModel_OC.h */,
				1C7234DB2099B7100032DB52 /* TestModel_OC.m */,
			);
			path = model;
			sourceTree = "<group>";
		};
		C54B91F3C411C37F319F1ECD /* Pods */ = {
			isa = PBXGroup;
			children = (
				7291AECB07D559D744CE1580 /* Pods-swift_handly_model.debug.xcconfig */,
				76600A9B1D658CABE184857A /* Pods-swift_handly_model.release.xcconfig */,
			);
			name = Pods;
			sourceTree = "<group>";
		};
/* End PBXGroup section */

/* Begin PBXNativeTarget section */
		1C72349620996B950032DB52 /* swift_handly_model */ = {
			isa = PBXNativeTarget;
			buildConfigurationList = 1C7234C320996B960032DB52 /* Build configuration list for PBXNativeTarget "swift_handly_model" */;
			buildPhases = (
				0051A5DCB9A0C7F84506CDAC /* [CP] Check Pods Manifest.lock */,
				1C72349320996B950032DB52 /* Sources */,
				1C72349420996B950032DB52 /* Frameworks */,
				1C72349520996B950032DB52 /* Resources */,
				943B6A782C2849B2F4ACCF1E /* [CP] Embed Pods Frameworks */,
				BA1057A97861CB7F052D44C4 /* [CP] Copy Pods Resources */,
			);
			buildRules = (
			);
			dependencies = (
			);
			name = swift_handly_model;
			productName = swift_handly_model;
			productReference = 1C72349720996B950032DB52 /* swift_handly_model.app */;
			productType = "com.apple.product-type.application";
		};
		1C7234AE20996B960032DB52 /* swift_handly_modelTests */ = {
			isa = PBXNativeTarget;
			buildConfigurationList = 1C7234C620996B960032DB52 /* Build configuration list for PBXNativeTarget "swift_handly_modelTests" */;
			buildPhases = (
				1C7234AB20996B960032DB52 /* Sources */,
				1C7234AC20996B960032DB52 /* Frameworks */,
				1C7234AD20996B960032DB52 /* Resources */,
			);
			buildRules = (
			);
			dependencies = (
				1C7234B120996B960032DB52 /* PBXTargetDependency */,
			);
			name = swift_handly_modelTests;
			productName = swift_handly_modelTests;
			productReference = 1C7234AF20996B960032DB52 /* swift_handly_modelTests.xctest */;
			productType = "com.apple.product-type.bundle.unit-test";
		};
		1C7234B920996B960032DB52 /* swift_handly_modelUITests */ = {
			isa = PBXNativeTarget;
			buildConfigurationList = 1C7234C920996B960032DB52 /* Build configuration list for PBXNativeTarget "swift_handly_modelUITests" */;
			buildPhases = (
				1C7234B620996B960032DB52 /* Sources */,
				1C7234B720996B960032DB52 /* Frameworks */,
				1C7234B820996B960032DB52 /* Resources */,
			);
			buildRules = (
			);
			dependencies = (
				1C7234BC20996B960032DB52 /* PBXTargetDependency */,
			);
			name = swift_handly_modelUITests;
			productName = swift_handly_modelUITests;
			productReference = 1C7234BA20996B960032DB52 /* swift_handly_modelUITests.xctest */;
			productType = "com.apple.product-type.bundle.ui-testing";
		};
/* End PBXNativeTarget section */

/* Begin PBXProject section */
		1C72348F20996B950032DB52 /* Project object */ = {
			isa = PBXProject;
			attributes = {
				LastUpgradeCheck = 0910;
				ORGANIZATIONNAME = yzd;
				TargetAttributes = {
					1C72349620996B950032DB52 = {
						CreatedOnToolsVersion = 9.1;
						LastSwiftMigration = 0910;
						ProvisioningStyle = Automatic;
					};
					1C7234AE20996B960032DB52 = {
						CreatedOnToolsVersion = 9.1;
						ProvisioningStyle = Automatic;
						TestTargetID = 1C72349620996B950032DB52;
					};
					1C7234B920996B960032DB52 = {
						CreatedOnToolsVersion = 9.1;
						ProvisioningStyle = Automatic;
						TestTargetID = 1C72349620996B950032DB52;
					};
				};
			};
			buildConfigurationList = 1C72349220996B950032DB52 /* Build configuration list for PBXProject "swift_handly_model" */;
			compatibilityVersion = "Xcode 8.0";
			developmentRegion = en;
			hasScannedForEncodings = 0;
			knownRegions = (
				en,
				Base,
			);
			mainGroup = 1C72348E20996B950032DB52;
			productRefGroup = 1C72349820996B950032DB52 /* Products */;
			projectDirPath = "";
			projectRoot = "";
			targets = (
				1C72349620996B950032DB52 /* swift_handly_model */,
				1C7234AE20996B960032DB52 /* swift_handly_modelTests */,
				1C7234B920996B960032DB52 /* swift_handly_modelUITests */,
			);
		};
/* End PBXProject section */

/* Begin PBXResourcesBuildPhase section */
		1C72349520996B950032DB52 /* Resources */ = {
			isa = PBXResourcesBuildPhase;
			buildActionMask = 2147483647;
			files = (
				1C7234A720996B950032DB52 /* LaunchScreen.storyboard in Resources */,
				1C7234A420996B950032DB52 /* Assets.xcassets in Resources */,
				1C7234A220996B950032DB52 /* Main.storyboard in Resources */,
			);
			runOnlyForDeploymentPostprocessing = 0;
		};
		1C7234AD20996B960032DB52 /* Resources */ = {
			isa = PBXResourcesBuildPhase;
			buildActionMask = 2147483647;
			files = (
			);
			runOnlyForDeploymentPostprocessing = 0;
		};
		1C7234B820996B960032DB52 /* Resources */ = {
			isa = PBXResourcesBuildPhase;
			buildActionMask = 2147483647;
			files = (
			);
			runOnlyForDeploymentPostprocessing = 0;
		};
/* End PBXResourcesBuildPhase section */

/* Begin PBXShellScriptBuildPhase section */
		0051A5DCB9A0C7F84506CDAC /* [CP] Check Pods Manifest.lock */ = {
			isa = PBXShellScriptBuildPhase;
			buildActionMask = 2147483647;
			files = (
			);
			inputPaths = (
				"${PODS_PODFILE_DIR_PATH}/Podfile.lock",
				"${PODS_ROOT}/Manifest.lock",
			);
			name = "[CP] Check Pods Manifest.lock";
			outputPaths = (
				"$(DERIVED_FILE_DIR)/Pods-swift_handly_model-checkManifestLockResult.txt",
			);
			runOnlyForDeploymentPostprocessing = 0;
			shellPath = /bin/sh;
			shellScript = "diff \"${PODS_PODFILE_DIR_PATH}/Podfile.lock\" \"${PODS_ROOT}/Manifest.lock\" > /dev/null\nif [ $? != 0 ] ; then\n    # print error to STDERR\n    echo \"error: The sandbox is not in sync with the Podfile.lock. Run 'pod install' or update your CocoaPods installation.\" >&2\n    exit 1\nfi\n# This output is used by Xcode 'outputs' to avoid re-running this script phase.\necho \"SUCCESS\" > \"${SCRIPT_OUTPUT_FILE_0}\"\n";
			showEnvVarsInLog = 0;
		};
		943B6A782C2849B2F4ACCF1E /* [CP] Embed Pods Frameworks */ = {
			isa = PBXShellScriptBuildPhase;
			buildActionMask = 2147483647;
			files = (
			);
			inputPaths = (
				"${SRCROOT}/Pods/Target Support Files/Pods-swift_handly_model/Pods-swift_handly_model-frameworks.sh",
				"${BUILT_PRODUCTS_DIR}/AFNetworking/AFNetworking.framework",
				"${BUILT_PRODUCTS_DIR}/HandyJSON/HandyJSON.framework",
				"${BUILT_PRODUCTS_DIR}/MBProgressHUD/MBProgressHUD.framework",
				"${BUILT_PRODUCTS_DIR}/MJExtension/MJExtension.framework",
			);
			name = "[CP] Embed Pods Frameworks";
			outputPaths = (
				"${TARGET_BUILD_DIR}/${FRAMEWORKS_FOLDER_PATH}/AFNetworking.framework",
				"${TARGET_BUILD_DIR}/${FRAMEWORKS_FOLDER_PATH}/HandyJSON.framework",
				"${TARGET_BUILD_DIR}/${FRAMEWORKS_FOLDER_PATH}/MBProgressHUD.framework",
				"${TARGET_BUILD_DIR}/${FRAMEWORKS_FOLDER_PATH}/MJExtension.framework",
			);
			runOnlyForDeploymentPostprocessing = 0;
			shellPath = /bin/sh;
			shellScript = "\"${SRCROOT}/Pods/Target Support Files/Pods-swift_handly_model/Pods-swift_handly_model-frameworks.sh\"\n";
			showEnvVarsInLog = 0;
		};
		BA1057A97861CB7F052D44C4 /* [CP] Copy Pods Resources */ = {
			isa = PBXShellScriptBuildPhase;
			buildActionMask = 2147483647;
			files = (
			);
			inputPaths = (
			);
			name = "[CP] Copy Pods Resources";
			outputPaths = (
			);
			runOnlyForDeploymentPostprocessing = 0;
			shellPath = /bin/sh;
			shellScript = "\"${SRCROOT}/Pods/Target Support Files/Pods-swift_handly_model/Pods-swift_handly_model-resources.sh\"\n";
			showEnvVarsInLog = 0;
		};
/* End PBXShellScriptBuildPhase section */

/* Begin PBXSourcesBuildPhase section */
		1C72349320996B950032DB52 /* Sources */ = {
			isa = PBXSourcesBuildPhase;
			buildActionMask = 2147483647;
			files = (
				1C7234DC2099B7100032DB52 /* TestModel_OC.m in Sources */,
				1C7234CF209985680032DB52 /* AFManager.m in Sources */,
				1C72349F20996B950032DB52 /* ViewController.m in Sources */,
				1C7234D2209989EF0032DB52 /* TestModel.swift in Sources */,
				1C7234D62099A8D90032DB52 /* Test_ViewController.swift in Sources */,
				1C59DEB9209AB043007FE988 /* MBHUDManager.m in Sources */,
				1C7234AA20996B960032DB52 /* main.m in Sources */,
				1C72349C20996B950032DB52 /* AppDelegate.m in Sources */,
				1C59DEBF209AECFF007FE988 /* UIActionSheet+Fast.m in Sources */,
				1C7234D420999C5B0032DB52 /* Data_Read.swift in Sources */,
				1C59DEA3209AA262007FE988 /* PubMethods.m in Sources */,
				1C7234D92099AFE70032DB52 /* Data_read_OC.m in Sources */,
				1C59DEBE209AECFF007FE988 /* UIAlertView+Fast.m in Sources */,
			);
			runOnlyForDeploymentPostprocessing = 0;
		};
		1C7234AB20996B960032DB52 /* Sources */ = {
			isa = PBXSourcesBuildPhase;
			buildActionMask = 2147483647;
			files = (
				1C7234B420996B960032DB52 /* swift_handly_modelTests.m in Sources */,
			);
			runOnlyForDeploymentPostprocessing = 0;
		};
		1C7234B620996B960032DB52 /* Sources */ = {
			isa = PBXSourcesBuildPhase;
			buildActionMask = 2147483647;
			files = (
				1C7234BF20996B960032DB52 /* swift_handly_modelUITests.m in Sources */,
			);
			runOnlyForDeploymentPostprocessing = 0;
		};
/* End PBXSourcesBuildPhase section */

/* Begin PBXTargetDependency section */
		1C7234B120996B960032DB52 /* PBXTargetDependency */ = {
			isa = PBXTargetDependency;
			target = 1C72349620996B950032DB52 /* swift_handly_model */;
			targetProxy = 1C7234B020996B960032DB52 /* PBXContainerItemProxy */;
		};
		1C7234BC20996B960032DB52 /* PBXTargetDependency */ = {
			isa = PBXTargetDependency;
			target = 1C72349620996B950032DB52 /* swift_handly_model */;
			targetProxy = 1C7234BB20996B960032DB52 /* PBXContainerItemProxy */;
		};
/* End PBXTargetDependency section */

/* Begin PBXVariantGroup section */
		1C7234A020996B950032DB52 /* Main.storyboard */ = {
			isa = PBXVariantGroup;
			children = (
				1C7234A120996B950032DB52 /* Base */,
			);
			name = Main.storyboard;
			sourceTree = "<group>";
		};
		1C7234A520996B950032DB52 /* LaunchScreen.storyboard */ = {
			isa = PBXVariantGroup;
			children = (
				1C7234A620996B950032DB52 /* Base */,
			);
			name = LaunchScreen.storyboard;
			sourceTree = "<group>";
		};
/* End PBXVariantGroup section */

/* Begin XCBuildConfiguration section */
		1C7234C120996B960032DB52 /* Debug */ = {
			isa = XCBuildConfiguration;
			buildSettings = {
				ALWAYS_SEARCH_USER_PATHS = NO;
				CLANG_ANALYZER_NONNULL = YES;
				CLANG_ANALYZER_NUMBER_OBJECT_CONVERSION = YES_AGGRESSIVE;
				CLANG_CXX_LANGUAGE_STANDARD = "gnu++14";
				CLANG_CXX_LIBRARY = "libc++";
				CLANG_ENABLE_MODULES = YES;
				CLANG_ENABLE_OBJC_ARC = YES;
				CLANG_WARN_BLOCK_CAPTURE_AUTORELEASING = YES;
				CLANG_WARN_BOOL_CONVERSION = YES;
				CLANG_WARN_COMMA = YES;
				CLANG_WARN_CONSTANT_CONVERSION = YES;
				CLANG_WARN_DIRECT_OBJC_ISA_USAGE = YES_ERROR;
				CLANG_WARN_DOCUMENTATION_COMMENTS = YES;
				CLANG_WARN_EMPTY_BODY = YES;
				CLANG_WARN_ENUM_CONVERSION = YES;
				CLANG_WARN_INFINITE_RECURSION = YES;
				CLANG_WARN_INT_CONVERSION = YES;
				CLANG_WARN_NON_LITERAL_NULL_CONVERSION = YES;
				CLANG_WARN_OBJC_LITERAL_CONVERSION = YES;
				CLANG_WARN_OBJC_ROOT_CLASS = YES_ERROR;
				CLANG_WARN_RANGE_LOOP_ANALYSIS = YES;
				CLANG_WARN_STRICT_PROTOTYPES = YES;
				CLANG_WARN_SUSPICIOUS_MOVE = YES;
				CLANG_WARN_UNGUARDED_AVAILABILITY = YES_AGGRESSIVE;
				CLANG_WARN_UNREACHABLE_CODE = YES;
				CLANG_WARN__DUPLICATE_METHOD_MATCH = YES;
				CODE_SIGN_IDENTITY = "iPhone Developer";
				COPY_PHASE_STRIP = NO;
				DEBUG_INFORMATION_FORMAT = dwarf;
				ENABLE_STRICT_OBJC_MSGSEND = YES;
				ENABLE_TESTABILITY = YES;
				GCC_C_LANGUAGE_STANDARD = gnu11;
				GCC_DYNAMIC_NO_PIC = NO;
				GCC_NO_COMMON_BLOCKS = YES;
				GCC_OPTIMIZATION_LEVEL = 0;
				GCC_PREPROCESSOR_DEFINITIONS = (
					"DEBUG=1",
					"$(inherited)",
				);
				GCC_WARN_64_TO_32_BIT_CONVERSION = YES;
				GCC_WARN_ABOUT_RETURN_TYPE = YES_ERROR;
				GCC_WARN_UNDECLARED_SELECTOR = YES;
				GCC_WARN_UNINITIALIZED_AUTOS = YES_AGGRESSIVE;
				GCC_WARN_UNUSED_FUNCTION = YES;
				GCC_WARN_UNUSED_VARIABLE = YES;
				IPHONEOS_DEPLOYMENT_TARGET = 11.1;
				MTL_ENABLE_DEBUG_INFO = YES;
				ONLY_ACTIVE_ARCH = YES;
				SDKROOT = iphoneos;
			};
			name = Debug;
		};
		1C7234C220996B960032DB52 /* Release */ = {
			isa = XCBuildConfiguration;
			buildSettings = {
				ALWAYS_SEARCH_USER_PATHS = NO;
				CLANG_ANALYZER_NONNULL = YES;
				CLANG_ANALYZER_NUMBER_OBJECT_CONVERSION = YES_AGGRESSIVE;
				CLANG_CXX_LANGUAGE_STANDARD = "gnu++14";
				CLANG_CXX_LIBRARY = "libc++";
				CLANG_ENABLE_MODULES = YES;
				CLANG_ENABLE_OBJC_ARC = YES;
				CLANG_WARN_BLOCK_CAPTURE_AUTORELEASING = YES;
				CLANG_WARN_BOOL_CONVERSION = YES;
				CLANG_WARN_COMMA = YES;
				CLANG_WARN_CONSTANT_CONVERSION = YES;
				CLANG_WARN_DIRECT_OBJC_ISA_USAGE = YES_ERROR;
				CLANG_WARN_DOCUMENTATION_COMMENTS = YES;
				CLANG_WARN_EMPTY_BODY = YES;
				CLANG_WARN_ENUM_CONVERSION = YES;
				CLANG_WARN_INFINITE_RECURSION = YES;
				CLANG_WARN_INT_CONVERSION = YES;
				CLANG_WARN_NON_LITERAL_NULL_CONVERSION = YES;
				CLANG_WARN_OBJC_LITERAL_CONVERSION = YES;
				CLANG_WARN_OBJC_ROOT_CLASS = YES_ERROR;
				CLANG_WARN_RANGE_LOOP_ANALYSIS = YES;
				CLANG_WARN_STRICT_PROTOTYPES = YES;
				CLANG_WARN_SUSPICIOUS_MOVE = YES;
				CLANG_WARN_UNGUARDED_AVAILABILITY = YES_AGGRESSIVE;
				CLANG_WARN_UNREACHABLE_CODE = YES;
				CLANG_WARN__DUPLICATE_METHOD_MATCH = YES;
				CODE_SIGN_IDENTITY = "iPhone Developer";
				COPY_PHASE_STRIP = NO;
				DEBUG_INFORMATION_FORMAT = "dwarf-with-dsym";
				ENABLE_NS_ASSERTIONS = NO;
				ENABLE_STRICT_OBJC_MSGSEND = YES;
				GCC_C_LANGUAGE_STANDARD = gnu11;
				GCC_NO_COMMON_BLOCKS = YES;
				GCC_WARN_64_TO_32_BIT_CONVERSION = YES;
				GCC_WARN_ABOUT_RETURN_TYPE = YES_ERROR;
				GCC_WARN_UNDECLARED_SELECTOR = YES;
				GCC_WARN_UNINITIALIZED_AUTOS = YES_AGGRESSIVE;
				GCC_WARN_UNUSED_FUNCTION = YES;
				GCC_WARN_UNUSED_VARIABLE = YES;
				IPHONEOS_DEPLOYMENT_TARGET = 11.1;
				MTL_ENABLE_DEBUG_INFO = NO;
				SDKROOT = iphoneos;
				VALIDATE_PRODUCT = YES;
			};
			name = Release;
		};
		1C7234C420996B960032DB52 /* Debug */ = {
			isa = XCBuildConfiguration;
			baseConfigurationReference = 7291AECB07D559D744CE1580 /* Pods-swift_handly_model.debug.xcconfig */;
			buildSettings = {
				ASSETCATALOG_COMPILER_APPICON_NAME = AppIcon;
				CLANG_ENABLE_MODULES = YES;
				CODE_SIGN_STYLE = Automatic;
				DEFINES_MODULE = YES;
				DEVELOPMENT_TEAM = 7G45M8A98W;
				GCC_PRECOMPILE_PREFIX_HEADER = YES;
				GCC_PREFIX_HEADER = /Users/ydz/Desktop/swift_handly_model/swift_handly_model/Public/PrefixHeader.pch;
				INFOPLIST_FILE = swift_handly_model/Info.plist;
				IPHONEOS_DEPLOYMENT_TARGET = 8.0;
				LD_RUNPATH_SEARCH_PATHS = "$(inherited) @executable_path/Frameworks";
				PRODUCT_BUNDLE_IDENTIFIER = "com.DXDF.swift-handly-model";
				PRODUCT_NAME = "$(TARGET_NAME)";
				SWIFT_OBJC_BRIDGING_HEADER = "/Users/ydz/Desktop/swift_handly_model/swift_handly_model/Public/swift_handly_model-Bridging-Header.h";
				SWIFT_OPTIMIZATION_LEVEL = "-Onone";
				SWIFT_VERSION = 3.0;
				TARGETED_DEVICE_FAMILY = "1,2";
			};
			name = Debug;
		};
		1C7234C520996B960032DB52 /* Release */ = {
			isa = XCBuildConfiguration;
			baseConfigurationReference = 76600A9B1D658CABE184857A /* Pods-swift_handly_model.release.xcconfig */;
			buildSettings = {
				ASSETCATALOG_COMPILER_APPICON_NAME = AppIcon;
				CLANG_ENABLE_MODULES = YES;
				CODE_SIGN_STYLE = Automatic;
				DEFINES_MODULE = YES;
				DEVELOPMENT_TEAM = 7G45M8A98W;
				GCC_PRECOMPILE_PREFIX_HEADER = YES;
				GCC_PREFIX_HEADER = /Users/ydz/Desktop/swift_handly_model/swift_handly_model/Public/PrefixHeader.pch;
				INFOPLIST_FILE = swift_handly_model/Info.plist;
				IPHONEOS_DEPLOYMENT_TARGET = 8.0;
				LD_RUNPATH_SEARCH_PATHS = "$(inherited) @executable_path/Frameworks";
				PRODUCT_BUNDLE_IDENTIFIER = "com.DXDF.swift-handly-model";
				PRODUCT_NAME = "$(TARGET_NAME)";
				SWIFT_OBJC_BRIDGING_HEADER = "/Users/ydz/Desktop/swift_handly_model/swift_handly_model/Public/swift_handly_model-Bridging-Header.h";
				SWIFT_VERSION = 3.0;
				TARGETED_DEVICE_FAMILY = "1,2";
			};
			name = Release;
		};
		1C7234C720996B960032DB52 /* Debug */ = {
			isa = XCBuildConfiguration;
			buildSettings = {
				ALWAYS_EMBED_SWIFT_STANDARD_LIBRARIES = YES;
				BUNDLE_LOADER = "$(TEST_HOST)";
				CODE_SIGN_STYLE = Automatic;
				DEVELOPMENT_TEAM = 7G45M8A98W;
				INFOPLIST_FILE = swift_handly_modelTests/Info.plist;
				LD_RUNPATH_SEARCH_PATHS = "$(inherited) @executable_path/Frameworks @loader_path/Frameworks";
				PRODUCT_BUNDLE_IDENTIFIER = "com.DXDF.swift-handly-modelTests";
				PRODUCT_NAME = "$(TARGET_NAME)";
				TARGETED_DEVICE_FAMILY = "1,2";
				TEST_HOST = "$(BUILT_PRODUCTS_DIR)/swift_handly_model.app/swift_handly_model";
			};
			name = Debug;
		};
		1C7234C820996B960032DB52 /* Release */ = {
			isa = XCBuildConfiguration;
			buildSettings = {
				ALWAYS_EMBED_SWIFT_STANDARD_LIBRARIES = YES;
				BUNDLE_LOADER = "$(TEST_HOST)";
				CODE_SIGN_STYLE = Automatic;
				DEVELOPMENT_TEAM = 7G45M8A98W;
				INFOPLIST_FILE = swift_handly_modelTests/Info.plist;
				LD_RUNPATH_SEARCH_PATHS = "$(inherited) @executable_path/Frameworks @loader_path/Frameworks";
				PRODUCT_BUNDLE_IDENTIFIER = "com.DXDF.swift-handly-modelTests";
				PRODUCT_NAME = "$(TARGET_NAME)";
				TARGETED_DEVICE_FAMILY = "1,2";
				TEST_HOST = "$(BUILT_PRODUCTS_DIR)/swift_handly_model.app/swift_handly_model";
			};
			name = Release;
		};
		1C7234CA20996B960032DB52 /* Debug */ = {
			isa = XCBuildConfiguration;
			buildSettings = {
				ALWAYS_EMBED_SWIFT_STANDARD_LIBRARIES = YES;
				CODE_SIGN_STYLE = Automatic;
				DEVELOPMENT_TEAM = 7G45M8A98W;
				INFOPLIST_FILE = swift_handly_modelUITests/Info.plist;
				LD_RUNPATH_SEARCH_PATHS = "$(inherited) @executable_path/Frameworks @loader_path/Frameworks";
				PRODUCT_BUNDLE_IDENTIFIER = "com.DXDF.swift-handly-modelUITests";
				PRODUCT_NAME = "$(TARGET_NAME)";
				TARGETED_DEVICE_FAMILY = "1,2";
				TEST_TARGET_NAME = swift_handly_model;
			};
			name = Debug;
		};
		1C7234CB20996B960032DB52 /* Release */ = {
			isa = XCBuildConfiguration;
			buildSettings = {
				ALWAYS_EMBED_SWIFT_STANDARD_LIBRARIES = YES;
				CODE_SIGN_STYLE = Automatic;
				DEVELOPMENT_TEAM = 7G45M8A98W;
				INFOPLIST_FILE = swift_handly_modelUITests/Info.plist;
				LD_RUNPATH_SEARCH_PATHS = "$(inherited) @executable_path/Frameworks @loader_path/Frameworks";
				PRODUCT_BUNDLE_IDENTIFIER = "com.DXDF.swift-handly-modelUITests";
				PRODUCT_NAME = "$(TARGET_NAME)";
				TARGETED_DEVICE_FAMILY = "1,2";
				TEST_TARGET_NAME = swift_handly_model;
			};
			name = Release;
		};
/* End XCBuildConfiguration section */

/* Begin XCConfigurationList section */
		1C72349220996B950032DB52 /* Build configuration list for PBXProject "swift_handly_model" */ = {
			isa = XCConfigurationList;
			buildConfigurations = (
				1C7234C120996B960032DB52 /* Debug */,
				1C7234C220996B960032DB52 /* Release */,
			);
			defaultConfigurationIsVisible = 0;
			defaultConfigurationName = Release;
		};
		1C7234C320996B960032DB52 /* Build configuration list for PBXNativeTarget "swift_handly_model" */ = {
			isa = XCConfigurationList;
			buildConfigurations = (
				1C7234C420996B960032DB52 /* Debug */,
				1C7234C520996B960032DB52 /* Release */,
			);
			defaultConfigurationIsVisible = 0;
			defaultConfigurationName = Release;
		};
		1C7234C620996B960032DB52 /* Build configuration list for PBXNativeTarget "swift_handly_modelTests" */ = {
			isa = XCConfigurationList;
			buildConfigurations = (
				1C7234C720996B960032DB52 /* Debug */,
				1C7234C820996B960032DB52 /* Release */,
			);
			defaultConfigurationIsVisible = 0;
			defaultConfigurationName = Release;
		};
		1C7234C920996B960032DB52 /* Build configuration list for PBXNativeTarget "swift_handly_modelUITests" */ = {
			isa = XCConfigurationList;
			buildConfigurations = (
				1C7234CA20996B960032DB52 /* Debug */,
				1C7234CB20996B960032DB52 /* Release */,
			);
			defaultConfigurationIsVisible = 0;
			defaultConfigurationName = Release;
		};
/* End XCConfigurationList section */
	};
	rootObject = 1C72348F20996B950032DB52 /* Project object */;
}
